
Microsoft Visual Studio Solution File, Format Version 12.00
# Visual Studio Version 17
VisualStudioVersion = 17.6.33829.357
MinimumVisualStudioVersion = 10.0.40219.1
Project("{FAE04EC0-301F-11D3-BF4B-00C04F79EFBC}") = "MyFoodApplication", "MyFoodApplication.csproj", "{98128122-17CE-4E23-8129-9AED4C929063}"
EndProject
Global
	GlobalSection(SolutionConfigurationPlatforms) = preSolution
		Debug|Any CPU = Debug|Any CPU
		Release|Any CPU = Release|Any CPU
	EndGlobalSection
	GlobalSection(ProjectConfigurationPlatforms) = postSolution
		{98128122-17CE-4E23-8129-9AED4C929063}.Debug|Any CPU.ActiveCfg = Debug|Any CPU
		{98128122-17CE-4E23-8129-9AED4C929063}.Debug|Any CPU.Build.0 = Debug|Any CPU
		{98128122-17CE-4E23-8129-9AED4C929063}.Release|Any CPU.ActiveCfg = Release|Any CPU
		{98128122-17CE-4E23-8129-9AED4C929063}.Release|Any CPU.Build.0 = Release|Any CPU
	EndGlobalSection
	GlobalSection(SolutionProperties) = preSolution
		HideSolutionNode = FALSE
	EndGlobalSection
	GlobalSection(ExtensibilityGlobals) = postSolution
		SolutionGuid = {A1BC580C-3A46-441A-80A4-010919BBB804}
	EndGlobalSection
EndGlobal
